<?xml version="1.0" encoding="utf-8"?>
<Project ToolsVersion="4.0" xmlns="http://schemas.microsoft.com/developer/msbuild/2003">
  <ItemGroup>
    <Filter Include="소스 파일">
      <UniqueIdentifier>{4FC737F1-C7A5-4376-A066-2A32D752A2FF}</UniqueIdentifier>
      <Extensions>cpp;c;cc;cxx;def;odl;idl;hpj;bat;asm;asmx</Extensions>
    </Filter>
    <Filter Include="헤더 파일">
      <UniqueIdentifier>{93995380-89BD-4b04-88EB-625FBE52EBFB}</UniqueIdentifier>
      <Extensions>h;hh;hpp;hxx;hm;inl;inc;xsd</Extensions>
    </Filter>
    <Filter Include="리소스 파일">
      <UniqueIdentifier>{67DA6AB6-F800-4c08-8B7A-83BB121AAD01}</UniqueIdentifier>
      <Extensions>rc;ico;cur;bmp;dlg;rc2;rct;bin;rgs;gif;jpg;jpeg;jpe;resx;tiff;tif;png;wav;mfcribbon-ms</Extensions>
    </Filter>
    <Filter Include="소스 파일\Ch3.TemplateSpecialization">
      <UniqueIdentifier>{77b3fc29-3425-4712-9ca5-90144c14cff3}</UniqueIdentifier>
    </Filter>
    <Filter Include="소스 파일\Ch4.TypeTraits">
      <UniqueIdentifier>{4b1b7016-56d0-4c91-acb7-b83ced7fe87a}</UniqueIdentifier>
    </Filter>
  </ItemGroup>
  <ItemGroup>
    <Text Include="ReadMe.txt" />
  </ItemGroup>
  <ItemGroup>
    <ClCompile Include="31_TemplateSpecialization_1.cpp">
      <Filter>소스 파일\Ch3.TemplateSpecialization</Filter>
    </ClCompile>
    <ClCompile Include="32_TemplateSpecialization_Comparisons.cpp">
      <Filter>소스 파일\Ch3.TemplateSpecialization</Filter>
    </ClCompile>
    <ClCompile Include="33_TemplateSpecialization_DefaultParameter.cpp">
      <Filter>소스 파일\Ch3.TemplateSpecialization</Filter>
    </ClCompile>
    <ClCompile Include="34_TemplateSpecialization_MemberSpecialization.cpp">
      <Filter>소스 파일\Ch3.TemplateSpecialization</Filter>
    </ClCompile>
    <ClCompile Include="36_TS_Application_CoupleTemplate.cpp">
      <Filter>소스 파일\Ch3.TemplateSpecialization</Filter>
    </ClCompile>
    <ClCompile Include="37_TemplateMetaProgramming.cpp">
      <Filter>소스 파일\Ch3.TemplateSpecialization</Filter>
    </ClCompile>
    <ClCompile Include="35_TS_Application_IfThenElse_BitMgmnt.cpp">
      <Filter>소스 파일\Ch3.TemplateSpecialization</Filter>
    </ClCompile>
    <ClCompile Include="43_IntegralConstant.cpp">
      <Filter>소스 파일\Ch4.TypeTraits</Filter>
    </ClCompile>
    <ClCompile Include="41_TypeTraits_Concept.cpp">
      <Filter>소스 파일\Ch4.TypeTraits</Filter>
    </ClCompile>
    <ClCompile Include="42_TypeTraits.cpp">
      <Filter>소스 파일\Ch4.TypeTraits</Filter>
    </ClCompile>
    <ClCompile Include="45_ResultType.cpp">
      <Filter>소스 파일\Ch4.TypeTraits</Filter>
    </ClCompile>
    <ClCompile Include="46_ArgumentType.cpp">
      <Filter>소스 파일\Ch4.TypeTraits</Filter>
    </ClCompile>
    <ClCompile Include="44_TypeAfterRemovePointer.cpp">
      <Filter>소스 파일\Ch4.TypeTraits</Filter>
    </ClCompile>
    <ClCompile Include="47_TraitsSummary.cpp">
      <Filter>소스 파일\Ch4.TypeTraits</Filter>
    </ClCompile>
    <ClCompile Include="48_SFINAE.cpp">
      <Filter>소스 파일\Ch4.TypeTraits</Filter>
    </ClCompile>
    <ClCompile Include="49_SFINAE_EnableIf.cpp">
      <Filter>소스 파일\Ch4.TypeTraits</Filter>
    </ClCompile>
    <ClCompile Include="49_SFINAE_IsAbstract.cpp">
      <Filter>소스 파일\Ch4.TypeTraits</Filter>
    </ClCompile>
    <ClCompile Include="FinalProject_2.cpp">
      <Filter>소스 파일</Filter>
    </ClCompile>
    <ClCompile Include="FinalProject_1.cpp">
      <Filter>소스 파일</Filter>
    </ClCompile>
    <ClCompile Include="FinalProject_3_practice.cpp">
      <Filter>소스 파일</Filter>
    </ClCompile>
    <ClCompile Include="FinalProject_3.cpp">
      <Filter>소스 파일</Filter>
    </ClCompile>
  </ItemGroup>
</Project>