
Microsoft Visual Studio Solution File, Format Version 12.00
# Visual Studio 14
VisualStudioVersion = 14.0.24720.0
MinimumVisualStudioVersion = 10.0.40219.1
Project("{8BC9CEB8-8B4A-11D0-8D11-00A0C91BC942}") = "01_ThisCalls", "01_ThisCalls\01_ThisCalls.vcxproj", "{479E7DA9-C055-47BB-8C8E-862FC9703D86}"
EndProject
Project("{8BC9CEB8-8B4A-11D0-8D11-00A0C91BC942}") = "00_Default", "00_Default\00_Default.vcxproj", "{71B1C0F3-F65B-4453-BC0C-81EE2FDDE8C7}"
EndProject
Project("{8BC9CEB8-8B4A-11D0-8D11-00A0C91BC942}") = "02_AdapterPattern", "02_AdapterPattern\02_AdapterPattern.vcxproj", "{B0C4543C-68C9-4049-AD0E-93A247016C8A}"
EndProject
Project("{8BC9CEB8-8B4A-11D0-8D11-00A0C91BC942}") = "03_ShapeEditor", "03_ShapeEditor\03_ShapeEditor.vcxproj", "{3DE2833D-2F21-4938-A04C-D41890E90DC7}"
EndProject
Project("{8BC9CEB8-8B4A-11D0-8D11-00A0C91BC942}") = "04_DIP", "04_DIP\04_DIP.vcxproj", "{664EA22A-4FF1-46AB-88F2-DE33780F1646}"
EndProject
Project("{8BC9CEB8-8B4A-11D0-8D11-00A0C91BC942}") = "05_LineEdit", "05_LineEdit\05_LineEdit.vcxproj", "{7C79BBC1-D705-49B1-B286-743248BD6427}"
EndProject
Project("{8BC9CEB8-8B4A-11D0-8D11-00A0C91BC942}") = "07_FunctionObject", "07_FunctionObject\07_FunctionObject.vcxproj", "{DF1E9882-DB6C-4494-B0BC-14D494698712}"
EndProject
Project("{8BC9CEB8-8B4A-11D0-8D11-00A0C91BC942}") = "08_ApplicationFramework", "08_ApplicationFramework\08_ApplicationFramework.vcxproj", "{F70280C4-633C-4C0B-BC13-0F2DA15FB10C}"
EndProject
Project("{8BC9CEB8-8B4A-11D0-8D11-00A0C91BC942}") = "09_CompositePattern", "09_CompositePattern\09_CompositePattern.vcxproj", "{0351EE17-84C8-40A1-947E-A7C0400F4551}"
EndProject
Project("{8BC9CEB8-8B4A-11D0-8D11-00A0C91BC942}") = "10_EventHandling", "10_EventHandling\10_EventHandling.vcxproj", "{0DAC05D0-7299-4F0E-939F-03FEF47FDA00}"
EndProject
Project("{8BC9CEB8-8B4A-11D0-8D11-00A0C91BC942}") = "11_MessageMap", "11_MessageMap\11_MessageMap.vcxproj", "{AC1DE92A-75C3-41A1-8F3E-5B9909C6F73D}"
EndProject
Project("{8BC9CEB8-8B4A-11D0-8D11-00A0C91BC942}") = "12_CRTP", "12_CRTP\12_CRTP.vcxproj", "{563699FC-2ACF-46CB-A821-8E5770FA9434}"
EndProject
Project("{8BC9CEB8-8B4A-11D0-8D11-00A0C91BC942}") = "13_RTTI", "13_RTTI\13_RTTI.vcxproj", "{8909373E-2596-4065-9256-4F81B1220562}"
EndProject
Project("{8BC9CEB8-8B4A-11D0-8D11-00A0C91BC942}") = "14_Containers_Recommanded", "14_Containers\14_Containers.vcxproj", "{60349307-977A-43F0-A307-CD688DB7B2BC}"
EndProject
Project("{8BC9CEB8-8B4A-11D0-8D11-00A0C91BC942}") = "15_SmartPointer_Recommended", "15_SmartPointer\15_SmartPointer.vcxproj", "{0DAED5E9-2448-4AD4-86A9-185870CC2293}"
EndProject
Project("{8BC9CEB8-8B4A-11D0-8D11-00A0C91BC942}") = "16_GenericProgramming_Recommanded", "16_GenericProgramming\16_GenericProgramming.vcxproj", "{A2591278-E99E-4EF5-A9A2-44BF370098B7}"
EndProject
Project("{8BC9CEB8-8B4A-11D0-8D11-00A0C91BC942}") = "17_VisitorPattern", "17_VisitorPattern\17_VisitorPattern.vcxproj", "{07084C59-154D-4969-BEA9-085CD7B09794}"
EndProject
Project("{8BC9CEB8-8B4A-11D0-8D11-00A0C91BC942}") = "06_PolicyBasedDesign", "06_PolicyBasedDesign\06_PolicyBasedDesign.vcxproj", "{EEF3C087-A181-495C-914E-B2238E412AA3}"
EndProject
Project("{8BC9CEB8-8B4A-11D0-8D11-00A0C91BC942}") = "19_ChainOfResponsibilityPattern", "19_ChainOfResponsibilityPattern\19_ChainOfResponsibilityPattern.vcxproj", "{272A3AFD-691B-4E8C-A1A1-F66CC5ACFBC3}"
EndProject
Project("{8BC9CEB8-8B4A-11D0-8D11-00A0C91BC942}") = "18_ObserverPattern", "18_ObserverPattern\18_ObserverPattern.vcxproj", "{F967BC2A-21B9-42AD-8FCC-A48173E1BFD4}"
EndProject
Project("{8BC9CEB8-8B4A-11D0-8D11-00A0C91BC942}") = "20_SingletonPattern", "20_SingletonPattern\20_SingletonPattern.vcxproj", "{AE4EF3E2-F163-4307-98D8-E4F139BCA1A3}"
EndProject
Project("{8BC9CEB8-8B4A-11D0-8D11-00A0C91BC942}") = "21_CommandPattern", "21_CommandPattern\21_CommandPattern.vcxproj", "{DF1399D7-3A7D-4776-A115-000A6BCB1859}"
EndProject
Project("{8BC9CEB8-8B4A-11D0-8D11-00A0C91BC942}") = "22_FlyweightPattern", "22_FlyweightPattern\22_FlyweightPattern.vcxproj", "{61230500-E2BE-4047-BD98-4FFC14F2C594}"
EndProject
Project("{8BC9CEB8-8B4A-11D0-8D11-00A0C91BC942}") = "23_AbstractFactoryPattern", "23_AbstractFactoryPattern\23_AbstractFactoryPattern.vcxproj", "{D0C72617-5D2E-4DF8-BEB8-4393E399D262}"
EndProject
Project("{8BC9CEB8-8B4A-11D0-8D11-00A0C91BC942}") = "25_ProxyPattern", "25_ProxyPattern\25_ProxyPattern.vcxproj", "{31386805-BF1F-49B0-8688-C642A4763D8C}"
EndProject
Project("{8BC9CEB8-8B4A-11D0-8D11-00A0C91BC942}") = "24_ReferenceCounter_Recommanded", "24_ReferenceCounter\24_ReferenceCounter.vcxproj", "{918B024E-B6D5-41BD-8B3C-8452214E8D31}"
EndProject
Project("{8BC9CEB8-8B4A-11D0-8D11-00A0C91BC942}") = "26_DecoratorPattern", "26_DecoratorPattern\26_DecoratorPattern.vcxproj", "{ABE5769F-66BD-4D0B-8AE0-06AA5465B095}"
EndProject
Project("{8BC9CEB8-8B4A-11D0-8D11-00A0C91BC942}") = "27_StatePattern", "27_StatePattern\27_StatePattern.vcxproj", "{AFB21DA9-C55C-4326-9B95-46565B6D4AE0}"
EndProject
Project("{8BC9CEB8-8B4A-11D0-8D11-00A0C91BC942}") = "28_BuilderPattern", "28_BuilderPattern\28_BuilderPattern.vcxproj", "{D0AD0C43-66DA-4866-BD0F-F9CBBE55B8BD}"
EndProject
Project("{8BC9CEB8-8B4A-11D0-8D11-00A0C91BC942}") = "29_FacadePattern", "29_FacadePattern\29_FacadePattern.vcxproj", "{98F7C155-A463-4835-AA03-88AD15337E71}"
EndProject
Project("{8BC9CEB8-8B4A-11D0-8D11-00A0C91BC942}") = "30_MementoPattern", "30_MementoPattern\30_MementoPattern.vcxproj", "{03E7951E-0952-4D49-B00C-9A7522A64557}"
EndProject
Project("{8BC9CEB8-8B4A-11D0-8D11-00A0C91BC942}") = "31_BridgePattern", "31_BridgePattern\31_BridgePattern.vcxproj", "{B57DB3CE-E190-46CD-9B65-EF68C9E85D4F}"
EndProject
Global
	GlobalSection(SolutionConfigurationPlatforms) = preSolution
		Debug|x64 = Debug|x64
		Debug|x86 = Debug|x86
		Release|x64 = Release|x64
		Release|x86 = Release|x86
	EndGlobalSection
	GlobalSection(ProjectConfigurationPlatforms) = postSolution
		{479E7DA9-C055-47BB-8C8E-862FC9703D86}.Debug|x64.ActiveCfg = Debug|x64
		{479E7DA9-C055-47BB-8C8E-862FC9703D86}.Debug|x64.Build.0 = Debug|x64
		{479E7DA9-C055-47BB-8C8E-862FC9703D86}.Debug|x86.ActiveCfg = Debug|Win32
		{479E7DA9-C055-47BB-8C8E-862FC9703D86}.Debug|x86.Build.0 = Debug|Win32
		{479E7DA9-C055-47BB-8C8E-862FC9703D86}.Release|x64.ActiveCfg = Release|x64
		{479E7DA9-C055-47BB-8C8E-862FC9703D86}.Release|x64.Build.0 = Release|x64
		{479E7DA9-C055-47BB-8C8E-862FC9703D86}.Release|x86.ActiveCfg = Release|Win32
		{479E7DA9-C055-47BB-8C8E-862FC9703D86}.Release|x86.Build.0 = Release|Win32
		{71B1C0F3-F65B-4453-BC0C-81EE2FDDE8C7}.Debug|x64.ActiveCfg = Debug|x64
		{71B1C0F3-F65B-4453-BC0C-81EE2FDDE8C7}.Debug|x64.Build.0 = Debug|x64
		{71B1C0F3-F65B-4453-BC0C-81EE2FDDE8C7}.Debug|x86.ActiveCfg = Debug|Win32
		{71B1C0F3-F65B-4453-BC0C-81EE2FDDE8C7}.Debug|x86.Build.0 = Debug|Win32
		{71B1C0F3-F65B-4453-BC0C-81EE2FDDE8C7}.Release|x64.ActiveCfg = Release|x64
		{71B1C0F3-F65B-4453-BC0C-81EE2FDDE8C7}.Release|x64.Build.0 = Release|x64
		{71B1C0F3-F65B-4453-BC0C-81EE2FDDE8C7}.Release|x86.ActiveCfg = Release|Win32
		{71B1C0F3-F65B-4453-BC0C-81EE2FDDE8C7}.Release|x86.Build.0 = Release|Win32
		{B0C4543C-68C9-4049-AD0E-93A247016C8A}.Debug|x64.ActiveCfg = Debug|x64
		{B0C4543C-68C9-4049-AD0E-93A247016C8A}.Debug|x64.Build.0 = Debug|x64
		{B0C4543C-68C9-4049-AD0E-93A247016C8A}.Debug|x86.ActiveCfg = Debug|Win32
		{B0C4543C-68C9-4049-AD0E-93A247016C8A}.Debug|x86.Build.0 = Debug|Win32
		{B0C4543C-68C9-4049-AD0E-93A247016C8A}.Release|x64.ActiveCfg = Release|x64
		{B0C4543C-68C9-4049-AD0E-93A247016C8A}.Release|x64.Build.0 = Release|x64
		{B0C4543C-68C9-4049-AD0E-93A247016C8A}.Release|x86.ActiveCfg = Release|Win32
		{B0C4543C-68C9-4049-AD0E-93A247016C8A}.Release|x86.Build.0 = Release|Win32
		{3DE2833D-2F21-4938-A04C-D41890E90DC7}.Debug|x64.ActiveCfg = Debug|x64
		{3DE2833D-2F21-4938-A04C-D41890E90DC7}.Debug|x64.Build.0 = Debug|x64
		{3DE2833D-2F21-4938-A04C-D41890E90DC7}.Debug|x86.ActiveCfg = Debug|Win32
		{3DE2833D-2F21-4938-A04C-D41890E90DC7}.Debug|x86.Build.0 = Debug|Win32
		{3DE2833D-2F21-4938-A04C-D41890E90DC7}.Release|x64.ActiveCfg = Release|x64
		{3DE2833D-2F21-4938-A04C-D41890E90DC7}.Release|x64.Build.0 = Release|x64
		{3DE2833D-2F21-4938-A04C-D41890E90DC7}.Release|x86.ActiveCfg = Release|Win32
		{3DE2833D-2F21-4938-A04C-D41890E90DC7}.Release|x86.Build.0 = Release|Win32
		{664EA22A-4FF1-46AB-88F2-DE33780F1646}.Debug|x64.ActiveCfg = Debug|x64
		{664EA22A-4FF1-46AB-88F2-DE33780F1646}.Debug|x64.Build.0 = Debug|x64
		{664EA22A-4FF1-46AB-88F2-DE33780F1646}.Debug|x86.ActiveCfg = Debug|Win32
		{664EA22A-4FF1-46AB-88F2-DE33780F1646}.Debug|x86.Build.0 = Debug|Win32
		{664EA22A-4FF1-46AB-88F2-DE33780F1646}.Release|x64.ActiveCfg = Release|x64
		{664EA22A-4FF1-46AB-88F2-DE33780F1646}.Release|x64.Build.0 = Release|x64
		{664EA22A-4FF1-46AB-88F2-DE33780F1646}.Release|x86.ActiveCfg = Release|Win32
		{664EA22A-4FF1-46AB-88F2-DE33780F1646}.Release|x86.Build.0 = Release|Win32
		{7C79BBC1-D705-49B1-B286-743248BD6427}.Debug|x64.ActiveCfg = Debug|x64
		{7C79BBC1-D705-49B1-B286-743248BD6427}.Debug|x64.Build.0 = Debug|x64
		{7C79BBC1-D705-49B1-B286-743248BD6427}.Debug|x86.ActiveCfg = Debug|Win32
		{7C79BBC1-D705-49B1-B286-743248BD6427}.Debug|x86.Build.0 = Debug|Win32
		{7C79BBC1-D705-49B1-B286-743248BD6427}.Release|x64.ActiveCfg = Release|x64
		{7C79BBC1-D705-49B1-B286-743248BD6427}.Release|x64.Build.0 = Release|x64
		{7C79BBC1-D705-49B1-B286-743248BD6427}.Release|x86.ActiveCfg = Release|Win32
		{7C79BBC1-D705-49B1-B286-743248BD6427}.Release|x86.Build.0 = Release|Win32
		{DF1E9882-DB6C-4494-B0BC-14D494698712}.Debug|x64.ActiveCfg = Debug|x64
		{DF1E9882-DB6C-4494-B0BC-14D494698712}.Debug|x64.Build.0 = Debug|x64
		{DF1E9882-DB6C-4494-B0BC-14D494698712}.Debug|x86.ActiveCfg = Debug|Win32
		{DF1E9882-DB6C-4494-B0BC-14D494698712}.Debug|x86.Build.0 = Debug|Win32
		{DF1E9882-DB6C-4494-B0BC-14D494698712}.Release|x64.ActiveCfg = Release|x64
		{DF1E9882-DB6C-4494-B0BC-14D494698712}.Release|x64.Build.0 = Release|x64
		{DF1E9882-DB6C-4494-B0BC-14D494698712}.Release|x86.ActiveCfg = Release|Win32
		{DF1E9882-DB6C-4494-B0BC-14D494698712}.Release|x86.Build.0 = Release|Win32
		{F70280C4-633C-4C0B-BC13-0F2DA15FB10C}.Debug|x64.ActiveCfg = Debug|x64
		{F70280C4-633C-4C0B-BC13-0F2DA15FB10C}.Debug|x64.Build.0 = Debug|x64
		{F70280C4-633C-4C0B-BC13-0F2DA15FB10C}.Debug|x86.ActiveCfg = Debug|Win32
		{F70280C4-633C-4C0B-BC13-0F2DA15FB10C}.Debug|x86.Build.0 = Debug|Win32
		{F70280C4-633C-4C0B-BC13-0F2DA15FB10C}.Release|x64.ActiveCfg = Release|x64
		{F70280C4-633C-4C0B-BC13-0F2DA15FB10C}.Release|x64.Build.0 = Release|x64
		{F70280C4-633C-4C0B-BC13-0F2DA15FB10C}.Release|x86.ActiveCfg = Release|Win32
		{F70280C4-633C-4C0B-BC13-0F2DA15FB10C}.Release|x86.Build.0 = Release|Win32
		{0351EE17-84C8-40A1-947E-A7C0400F4551}.Debug|x64.ActiveCfg = Debug|x64
		{0351EE17-84C8-40A1-947E-A7C0400F4551}.Debug|x64.Build.0 = Debug|x64
		{0351EE17-84C8-40A1-947E-A7C0400F4551}.Debug|x86.ActiveCfg = Debug|Win32
		{0351EE17-84C8-40A1-947E-A7C0400F4551}.Debug|x86.Build.0 = Debug|Win32
		{0351EE17-84C8-40A1-947E-A7C0400F4551}.Release|x64.ActiveCfg = Release|x64
		{0351EE17-84C8-40A1-947E-A7C0400F4551}.Release|x64.Build.0 = Release|x64
		{0351EE17-84C8-40A1-947E-A7C0400F4551}.Release|x86.ActiveCfg = Release|Win32
		{0351EE17-84C8-40A1-947E-A7C0400F4551}.Release|x86.Build.0 = Release|Win32
		{0DAC05D0-7299-4F0E-939F-03FEF47FDA00}.Debug|x64.ActiveCfg = Debug|x64
		{0DAC05D0-7299-4F0E-939F-03FEF47FDA00}.Debug|x64.Build.0 = Debug|x64
		{0DAC05D0-7299-4F0E-939F-03FEF47FDA00}.Debug|x86.ActiveCfg = Debug|Win32
		{0DAC05D0-7299-4F0E-939F-03FEF47FDA00}.Debug|x86.Build.0 = Debug|Win32
		{0DAC05D0-7299-4F0E-939F-03FEF47FDA00}.Release|x64.ActiveCfg = Release|x64
		{0DAC05D0-7299-4F0E-939F-03FEF47FDA00}.Release|x64.Build.0 = Release|x64
		{0DAC05D0-7299-4F0E-939F-03FEF47FDA00}.Release|x86.ActiveCfg = Release|Win32
		{0DAC05D0-7299-4F0E-939F-03FEF47FDA00}.Release|x86.Build.0 = Release|Win32
		{AC1DE92A-75C3-41A1-8F3E-5B9909C6F73D}.Debug|x64.ActiveCfg = Debug|x64
		{AC1DE92A-75C3-41A1-8F3E-5B9909C6F73D}.Debug|x64.Build.0 = Debug|x64
		{AC1DE92A-75C3-41A1-8F3E-5B9909C6F73D}.Debug|x86.ActiveCfg = Debug|Win32
		{AC1DE92A-75C3-41A1-8F3E-5B9909C6F73D}.Debug|x86.Build.0 = Debug|Win32
		{AC1DE92A-75C3-41A1-8F3E-5B9909C6F73D}.Release|x64.ActiveCfg = Release|x64
		{AC1DE92A-75C3-41A1-8F3E-5B9909C6F73D}.Release|x64.Build.0 = Release|x64
		{AC1DE92A-75C3-41A1-8F3E-5B9909C6F73D}.Release|x86.ActiveCfg = Release|Win32
		{AC1DE92A-75C3-41A1-8F3E-5B9909C6F73D}.Release|x86.Build.0 = Release|Win32
		{563699FC-2ACF-46CB-A821-8E5770FA9434}.Debug|x64.ActiveCfg = Debug|x64
		{563699FC-2ACF-46CB-A821-8E5770FA9434}.Debug|x64.Build.0 = Debug|x64
		{563699FC-2ACF-46CB-A821-8E5770FA9434}.Debug|x86.ActiveCfg = Debug|Win32
		{563699FC-2ACF-46CB-A821-8E5770FA9434}.Debug|x86.Build.0 = Debug|Win32
		{563699FC-2ACF-46CB-A821-8E5770FA9434}.Release|x64.ActiveCfg = Release|x64
		{563699FC-2ACF-46CB-A821-8E5770FA9434}.Release|x64.Build.0 = Release|x64
		{563699FC-2ACF-46CB-A821-8E5770FA9434}.Release|x86.ActiveCfg = Release|Win32
		{563699FC-2ACF-46CB-A821-8E5770FA9434}.Release|x86.Build.0 = Release|Win32
		{8909373E-2596-4065-9256-4F81B1220562}.Debug|x64.ActiveCfg = Debug|x64
		{8909373E-2596-4065-9256-4F81B1220562}.Debug|x64.Build.0 = Debug|x64
		{8909373E-2596-4065-9256-4F81B1220562}.Debug|x86.ActiveCfg = Debug|Win32
		{8909373E-2596-4065-9256-4F81B1220562}.Debug|x86.Build.0 = Debug|Win32
		{8909373E-2596-4065-9256-4F81B1220562}.Release|x64.ActiveCfg = Release|x64
		{8909373E-2596-4065-9256-4F81B1220562}.Release|x64.Build.0 = Release|x64
		{8909373E-2596-4065-9256-4F81B1220562}.Release|x86.ActiveCfg = Release|Win32
		{8909373E-2596-4065-9256-4F81B1220562}.Release|x86.Build.0 = Release|Win32
		{60349307-977A-43F0-A307-CD688DB7B2BC}.Debug|x64.ActiveCfg = Debug|x64
		{60349307-977A-43F0-A307-CD688DB7B2BC}.Debug|x64.Build.0 = Debug|x64
		{60349307-977A-43F0-A307-CD688DB7B2BC}.Debug|x86.ActiveCfg = Debug|Win32
		{60349307-977A-43F0-A307-CD688DB7B2BC}.Debug|x86.Build.0 = Debug|Win32
		{60349307-977A-43F0-A307-CD688DB7B2BC}.Release|x64.ActiveCfg = Release|x64
		{60349307-977A-43F0-A307-CD688DB7B2BC}.Release|x64.Build.0 = Release|x64
		{60349307-977A-43F0-A307-CD688DB7B2BC}.Release|x86.ActiveCfg = Release|Win32
		{60349307-977A-43F0-A307-CD688DB7B2BC}.Release|x86.Build.0 = Release|Win32
		{0DAED5E9-2448-4AD4-86A9-185870CC2293}.Debug|x64.ActiveCfg = Debug|x64
		{0DAED5E9-2448-4AD4-86A9-185870CC2293}.Debug|x64.Build.0 = Debug|x64
		{0DAED5E9-2448-4AD4-86A9-185870CC2293}.Debug|x86.ActiveCfg = Debug|Win32
		{0DAED5E9-2448-4AD4-86A9-185870CC2293}.Debug|x86.Build.0 = Debug|Win32
		{0DAED5E9-2448-4AD4-86A9-185870CC2293}.Release|x64.ActiveCfg = Release|x64
		{0DAED5E9-2448-4AD4-86A9-185870CC2293}.Release|x64.Build.0 = Release|x64
		{0DAED5E9-2448-4AD4-86A9-185870CC2293}.Release|x86.ActiveCfg = Release|Win32
		{0DAED5E9-2448-4AD4-86A9-185870CC2293}.Release|x86.Build.0 = Release|Win32
		{A2591278-E99E-4EF5-A9A2-44BF370098B7}.Debug|x64.ActiveCfg = Debug|x64
		{A2591278-E99E-4EF5-A9A2-44BF370098B7}.Debug|x64.Build.0 = Debug|x64
		{A2591278-E99E-4EF5-A9A2-44BF370098B7}.Debug|x86.ActiveCfg = Debug|Win32
		{A2591278-E99E-4EF5-A9A2-44BF370098B7}.Debug|x86.Build.0 = Debug|Win32
		{A2591278-E99E-4EF5-A9A2-44BF370098B7}.Release|x64.ActiveCfg = Release|x64
		{A2591278-E99E-4EF5-A9A2-44BF370098B7}.Release|x64.Build.0 = Release|x64
		{A2591278-E99E-4EF5-A9A2-44BF370098B7}.Release|x86.ActiveCfg = Release|Win32
		{A2591278-E99E-4EF5-A9A2-44BF370098B7}.Release|x86.Build.0 = Release|Win32
		{07084C59-154D-4969-BEA9-085CD7B09794}.Debug|x64.ActiveCfg = Debug|x64
		{07084C59-154D-4969-BEA9-085CD7B09794}.Debug|x64.Build.0 = Debug|x64
		{07084C59-154D-4969-BEA9-085CD7B09794}.Debug|x86.ActiveCfg = Debug|Win32
		{07084C59-154D-4969-BEA9-085CD7B09794}.Debug|x86.Build.0 = Debug|Win32
		{07084C59-154D-4969-BEA9-085CD7B09794}.Release|x64.ActiveCfg = Release|x64
		{07084C59-154D-4969-BEA9-085CD7B09794}.Release|x64.Build.0 = Release|x64
		{07084C59-154D-4969-BEA9-085CD7B09794}.Release|x86.ActiveCfg = Release|Win32
		{07084C59-154D-4969-BEA9-085CD7B09794}.Release|x86.Build.0 = Release|Win32
		{EEF3C087-A181-495C-914E-B2238E412AA3}.Debug|x64.ActiveCfg = Debug|x64
		{EEF3C087-A181-495C-914E-B2238E412AA3}.Debug|x64.Build.0 = Debug|x64
		{EEF3C087-A181-495C-914E-B2238E412AA3}.Debug|x86.ActiveCfg = Debug|Win32
		{EEF3C087-A181-495C-914E-B2238E412AA3}.Debug|x86.Build.0 = Debug|Win32
		{EEF3C087-A181-495C-914E-B2238E412AA3}.Release|x64.ActiveCfg = Release|x64
		{EEF3C087-A181-495C-914E-B2238E412AA3}.Release|x64.Build.0 = Release|x64
		{EEF3C087-A181-495C-914E-B2238E412AA3}.Release|x86.ActiveCfg = Release|Win32
		{EEF3C087-A181-495C-914E-B2238E412AA3}.Release|x86.Build.0 = Release|Win32
		{272A3AFD-691B-4E8C-A1A1-F66CC5ACFBC3}.Debug|x64.ActiveCfg = Debug|x64
		{272A3AFD-691B-4E8C-A1A1-F66CC5ACFBC3}.Debug|x64.Build.0 = Debug|x64
		{272A3AFD-691B-4E8C-A1A1-F66CC5ACFBC3}.Debug|x86.ActiveCfg = Debug|Win32
		{272A3AFD-691B-4E8C-A1A1-F66CC5ACFBC3}.Debug|x86.Build.0 = Debug|Win32
		{272A3AFD-691B-4E8C-A1A1-F66CC5ACFBC3}.Release|x64.ActiveCfg = Release|x64
		{272A3AFD-691B-4E8C-A1A1-F66CC5ACFBC3}.Release|x64.Build.0 = Release|x64
		{272A3AFD-691B-4E8C-A1A1-F66CC5ACFBC3}.Release|x86.ActiveCfg = Release|Win32
		{272A3AFD-691B-4E8C-A1A1-F66CC5ACFBC3}.Release|x86.Build.0 = Release|Win32
		{F967BC2A-21B9-42AD-8FCC-A48173E1BFD4}.Debug|x64.ActiveCfg = Debug|x64
		{F967BC2A-21B9-42AD-8FCC-A48173E1BFD4}.Debug|x64.Build.0 = Debug|x64
		{F967BC2A-21B9-42AD-8FCC-A48173E1BFD4}.Debug|x86.ActiveCfg = Debug|Win32
		{F967BC2A-21B9-42AD-8FCC-A48173E1BFD4}.Debug|x86.Build.0 = Debug|Win32
		{F967BC2A-21B9-42AD-8FCC-A48173E1BFD4}.Release|x64.ActiveCfg = Release|x64
		{F967BC2A-21B9-42AD-8FCC-A48173E1BFD4}.Release|x64.Build.0 = Release|x64
		{F967BC2A-21B9-42AD-8FCC-A48173E1BFD4}.Release|x86.ActiveCfg = Release|Win32
		{F967BC2A-21B9-42AD-8FCC-A48173E1BFD4}.Release|x86.Build.0 = Release|Win32
		{AE4EF3E2-F163-4307-98D8-E4F139BCA1A3}.Debug|x64.ActiveCfg = Debug|x64
		{AE4EF3E2-F163-4307-98D8-E4F139BCA1A3}.Debug|x64.Build.0 = Debug|x64
		{AE4EF3E2-F163-4307-98D8-E4F139BCA1A3}.Debug|x86.ActiveCfg = Debug|Win32
		{AE4EF3E2-F163-4307-98D8-E4F139BCA1A3}.Debug|x86.Build.0 = Debug|Win32
		{AE4EF3E2-F163-4307-98D8-E4F139BCA1A3}.Release|x64.ActiveCfg = Release|x64
		{AE4EF3E2-F163-4307-98D8-E4F139BCA1A3}.Release|x64.Build.0 = Release|x64
		{AE4EF3E2-F163-4307-98D8-E4F139BCA1A3}.Release|x86.ActiveCfg = Release|Win32
		{AE4EF3E2-F163-4307-98D8-E4F139BCA1A3}.Release|x86.Build.0 = Release|Win32
		{DF1399D7-3A7D-4776-A115-000A6BCB1859}.Debug|x64.ActiveCfg = Debug|x64
		{DF1399D7-3A7D-4776-A115-000A6BCB1859}.Debug|x64.Build.0 = Debug|x64
		{DF1399D7-3A7D-4776-A115-000A6BCB1859}.Debug|x86.ActiveCfg = Debug|Win32
		{DF1399D7-3A7D-4776-A115-000A6BCB1859}.Debug|x86.Build.0 = Debug|Win32
		{DF1399D7-3A7D-4776-A115-000A6BCB1859}.Release|x64.ActiveCfg = Release|x64
		{DF1399D7-3A7D-4776-A115-000A6BCB1859}.Release|x64.Build.0 = Release|x64
		{DF1399D7-3A7D-4776-A115-000A6BCB1859}.Release|x86.ActiveCfg = Release|Win32
		{DF1399D7-3A7D-4776-A115-000A6BCB1859}.Release|x86.Build.0 = Release|Win32
		{61230500-E2BE-4047-BD98-4FFC14F2C594}.Debug|x64.ActiveCfg = Debug|x64
		{61230500-E2BE-4047-BD98-4FFC14F2C594}.Debug|x64.Build.0 = Debug|x64
		{61230500-E2BE-4047-BD98-4FFC14F2C594}.Debug|x86.ActiveCfg = Debug|Win32
		{61230500-E2BE-4047-BD98-4FFC14F2C594}.Debug|x86.Build.0 = Debug|Win32
		{61230500-E2BE-4047-BD98-4FFC14F2C594}.Release|x64.ActiveCfg = Release|x64
		{61230500-E2BE-4047-BD98-4FFC14F2C594}.Release|x64.Build.0 = Release|x64
		{61230500-E2BE-4047-BD98-4FFC14F2C594}.Release|x86.ActiveCfg = Release|Win32
		{61230500-E2BE-4047-BD98-4FFC14F2C594}.Release|x86.Build.0 = Release|Win32
		{D0C72617-5D2E-4DF8-BEB8-4393E399D262}.Debug|x64.ActiveCfg = Debug|x64
		{D0C72617-5D2E-4DF8-BEB8-4393E399D262}.Debug|x64.Build.0 = Debug|x64
		{D0C72617-5D2E-4DF8-BEB8-4393E399D262}.Debug|x86.ActiveCfg = Debug|Win32
		{D0C72617-5D2E-4DF8-BEB8-4393E399D262}.Debug|x86.Build.0 = Debug|Win32
		{D0C72617-5D2E-4DF8-BEB8-4393E399D262}.Release|x64.ActiveCfg = Release|x64
		{D0C72617-5D2E-4DF8-BEB8-4393E399D262}.Release|x64.Build.0 = Release|x64
		{D0C72617-5D2E-4DF8-BEB8-4393E399D262}.Release|x86.ActiveCfg = Release|Win32
		{D0C72617-5D2E-4DF8-BEB8-4393E399D262}.Release|x86.Build.0 = Release|Win32
		{31386805-BF1F-49B0-8688-C642A4763D8C}.Debug|x64.ActiveCfg = Debug|x64
		{31386805-BF1F-49B0-8688-C642A4763D8C}.Debug|x64.Build.0 = Debug|x64
		{31386805-BF1F-49B0-8688-C642A4763D8C}.Debug|x86.ActiveCfg = Debug|Win32
		{31386805-BF1F-49B0-8688-C642A4763D8C}.Debug|x86.Build.0 = Debug|Win32
		{31386805-BF1F-49B0-8688-C642A4763D8C}.Release|x64.ActiveCfg = Release|x64
		{31386805-BF1F-49B0-8688-C642A4763D8C}.Release|x64.Build.0 = Release|x64
		{31386805-BF1F-49B0-8688-C642A4763D8C}.Release|x86.ActiveCfg = Release|Win32
		{31386805-BF1F-49B0-8688-C642A4763D8C}.Release|x86.Build.0 = Release|Win32
		{918B024E-B6D5-41BD-8B3C-8452214E8D31}.Debug|x64.ActiveCfg = Debug|x64
		{918B024E-B6D5-41BD-8B3C-8452214E8D31}.Debug|x64.Build.0 = Debug|x64
		{918B024E-B6D5-41BD-8B3C-8452214E8D31}.Debug|x86.ActiveCfg = Debug|Win32
		{918B024E-B6D5-41BD-8B3C-8452214E8D31}.Debug|x86.Build.0 = Debug|Win32
		{918B024E-B6D5-41BD-8B3C-8452214E8D31}.Release|x64.ActiveCfg = Release|x64
		{918B024E-B6D5-41BD-8B3C-8452214E8D31}.Release|x64.Build.0 = Release|x64
		{918B024E-B6D5-41BD-8B3C-8452214E8D31}.Release|x86.ActiveCfg = Release|Win32
		{918B024E-B6D5-41BD-8B3C-8452214E8D31}.Release|x86.Build.0 = Release|Win32
		{ABE5769F-66BD-4D0B-8AE0-06AA5465B095}.Debug|x64.ActiveCfg = Debug|x64
		{ABE5769F-66BD-4D0B-8AE0-06AA5465B095}.Debug|x64.Build.0 = Debug|x64
		{ABE5769F-66BD-4D0B-8AE0-06AA5465B095}.Debug|x86.ActiveCfg = Debug|Win32
		{ABE5769F-66BD-4D0B-8AE0-06AA5465B095}.Debug|x86.Build.0 = Debug|Win32
		{ABE5769F-66BD-4D0B-8AE0-06AA5465B095}.Release|x64.ActiveCfg = Release|x64
		{ABE5769F-66BD-4D0B-8AE0-06AA5465B095}.Release|x64.Build.0 = Release|x64
		{ABE5769F-66BD-4D0B-8AE0-06AA5465B095}.Release|x86.ActiveCfg = Release|Win32
		{ABE5769F-66BD-4D0B-8AE0-06AA5465B095}.Release|x86.Build.0 = Release|Win32
		{AFB21DA9-C55C-4326-9B95-46565B6D4AE0}.Debug|x64.ActiveCfg = Debug|x64
		{AFB21DA9-C55C-4326-9B95-46565B6D4AE0}.Debug|x64.Build.0 = Debug|x64
		{AFB21DA9-C55C-4326-9B95-46565B6D4AE0}.Debug|x86.ActiveCfg = Debug|Win32
		{AFB21DA9-C55C-4326-9B95-46565B6D4AE0}.Debug|x86.Build.0 = Debug|Win32
		{AFB21DA9-C55C-4326-9B95-46565B6D4AE0}.Release|x64.ActiveCfg = Release|x64
		{AFB21DA9-C55C-4326-9B95-46565B6D4AE0}.Release|x64.Build.0 = Release|x64
		{AFB21DA9-C55C-4326-9B95-46565B6D4AE0}.Release|x86.ActiveCfg = Release|Win32
		{AFB21DA9-C55C-4326-9B95-46565B6D4AE0}.Release|x86.Build.0 = Release|Win32
		{D0AD0C43-66DA-4866-BD0F-F9CBBE55B8BD}.Debug|x64.ActiveCfg = Debug|x64
		{D0AD0C43-66DA-4866-BD0F-F9CBBE55B8BD}.Debug|x64.Build.0 = Debug|x64
		{D0AD0C43-66DA-4866-BD0F-F9CBBE55B8BD}.Debug|x86.ActiveCfg = Debug|Win32
		{D0AD0C43-66DA-4866-BD0F-F9CBBE55B8BD}.Debug|x86.Build.0 = Debug|Win32
		{D0AD0C43-66DA-4866-BD0F-F9CBBE55B8BD}.Release|x64.ActiveCfg = Release|x64
		{D0AD0C43-66DA-4866-BD0F-F9CBBE55B8BD}.Release|x64.Build.0 = Release|x64
		{D0AD0C43-66DA-4866-BD0F-F9CBBE55B8BD}.Release|x86.ActiveCfg = Release|Win32
		{D0AD0C43-66DA-4866-BD0F-F9CBBE55B8BD}.Release|x86.Build.0 = Release|Win32
		{98F7C155-A463-4835-AA03-88AD15337E71}.Debug|x64.ActiveCfg = Debug|x64
		{98F7C155-A463-4835-AA03-88AD15337E71}.Debug|x64.Build.0 = Debug|x64
		{98F7C155-A463-4835-AA03-88AD15337E71}.Debug|x86.ActiveCfg = Debug|Win32
		{98F7C155-A463-4835-AA03-88AD15337E71}.Debug|x86.Build.0 = Debug|Win32
		{98F7C155-A463-4835-AA03-88AD15337E71}.Release|x64.ActiveCfg = Release|x64
		{98F7C155-A463-4835-AA03-88AD15337E71}.Release|x64.Build.0 = Release|x64
		{98F7C155-A463-4835-AA03-88AD15337E71}.Release|x86.ActiveCfg = Release|Win32
		{98F7C155-A463-4835-AA03-88AD15337E71}.Release|x86.Build.0 = Release|Win32
		{03E7951E-0952-4D49-B00C-9A7522A64557}.Debug|x64.ActiveCfg = Debug|x64
		{03E7951E-0952-4D49-B00C-9A7522A64557}.Debug|x64.Build.0 = Debug|x64
		{03E7951E-0952-4D49-B00C-9A7522A64557}.Debug|x86.ActiveCfg = Debug|Win32
		{03E7951E-0952-4D49-B00C-9A7522A64557}.Debug|x86.Build.0 = Debug|Win32
		{03E7951E-0952-4D49-B00C-9A7522A64557}.Release|x64.ActiveCfg = Release|x64
		{03E7951E-0952-4D49-B00C-9A7522A64557}.Release|x64.Build.0 = Release|x64
		{03E7951E-0952-4D49-B00C-9A7522A64557}.Release|x86.ActiveCfg = Release|Win32
		{03E7951E-0952-4D49-B00C-9A7522A64557}.Release|x86.Build.0 = Release|Win32
		{B57DB3CE-E190-46CD-9B65-EF68C9E85D4F}.Debug|x64.ActiveCfg = Debug|x64
		{B57DB3CE-E190-46CD-9B65-EF68C9E85D4F}.Debug|x64.Build.0 = Debug|x64
		{B57DB3CE-E190-46CD-9B65-EF68C9E85D4F}.Debug|x86.ActiveCfg = Debug|Win32
		{B57DB3CE-E190-46CD-9B65-EF68C9E85D4F}.Debug|x86.Build.0 = Debug|Win32
		{B57DB3CE-E190-46CD-9B65-EF68C9E85D4F}.Release|x64.ActiveCfg = Release|x64
		{B57DB3CE-E190-46CD-9B65-EF68C9E85D4F}.Release|x64.Build.0 = Release|x64
		{B57DB3CE-E190-46CD-9B65-EF68C9E85D4F}.Release|x86.ActiveCfg = Release|Win32
		{B57DB3CE-E190-46CD-9B65-EF68C9E85D4F}.Release|x86.Build.0 = Release|Win32
	EndGlobalSection
	GlobalSection(SolutionProperties) = preSolution
		HideSolutionNode = FALSE
	EndGlobalSection
EndGlobal
